{
  "meteor": {},
  "dependencies": {
    "basePackages": {
      "factory": {},
      "fake": {}
    },
    "packages": {
      "factory": {
        "git": "https://github.com/percolatestudio/meteor-factory.git",
        "tag": "v0.3.6",
        "commit": "7fba208d927e406690b22461200b420aace543db"
      },
      "fake": {
        "git": "https://github.com/subhog/meteor-fake.git",
        "tag": "v0.3.4",
        "commit": "e5393ddad6fbee5638e5c430666693828b403abc"
      }
    }
  }
}
